
Microsoft Visual Studio Solution File, Format Version 12.00
# Visual Studio Version 17
VisualStudioVersion = 17.13.35818.85 d17.13
MinimumVisualStudioVersion = 10.0.40219.1
Project("{FAE04EC0-301F-11D3-BF4B-00C04F79EFBC}") = "Practice", "Practice.csproj", "{6EF786F8-D000-425D-96F1-DF849EEDF4CD}"
EndProject
Global
	GlobalSection(SolutionConfigurationPlatforms) = preSolution
		Debug|Any CPU = Debug|Any CPU
		Release|Any CPU = Release|Any CPU
	EndGlobalSection
	GlobalSection(ProjectConfigurationPlatforms) = postSolution
		{6EF786F8-D000-425D-96F1-DF849EEDF4CD}.Debug|Any CPU.ActiveCfg = Debug|Any CPU
		{6EF786F8-D000-425D-96F1-DF849EEDF4CD}.Debug|Any CPU.Build.0 = Debug|Any CPU
		{6EF786F8-D000-425D-96F1-DF849EEDF4CD}.Release|Any CPU.ActiveCfg = Release|Any CPU
		{6EF786F8-D000-425D-96F1-DF849EEDF4CD}.Release|Any CPU.Build.0 = Release|Any CPU
	EndGlobalSection
	GlobalSection(SolutionProperties) = preSolution
		HideSolutionNode = FALSE
	EndGlobalSection
	GlobalSection(ExtensibilityGlobals) = postSolution
		SolutionGuid = {BAB558B8-165B-4430-ADDF-7F4EDD89F666}
	EndGlobalSection
EndGlobal
